
Microsoft Visual Studio Solution File, Format Version 12.00
Project("{2150E333-8FDC-42A3-9474-1A3956D46DE8}") = "src", "src", "{F462AA16-547E-4C74-89A2-5308F901122C}"
EndProject
Project("{2150E333-8FDC-42A3-9474-1A3956D46DE8}") = "test", "test", "{4C719486-60BB-4F37-80AC-ABA0778BD3AD}"
	ProjectSection(SolutionItems) = preProject
		test\allureConfig.json = test\allureConfig.json
	EndProjectSection
EndProject
Project("{FAE04EC0-301F-11D3-BF4B-00C04F79EFBC}") = "Contatos.Application.Test", "test\Contatos.Application.Test\Contatos.Application.Test.csproj", "{A56EBC02-63A6-4B85-BCAC-054B778516E9}"
EndProject
Project("{2150E333-8FDC-42A3-9474-1A3956D46DE8}") = "2 - Application", "2 - Application", "{E66E8066-9A45-4FAF-9667-B13F8965C740}"
EndProject
Project("{2150E333-8FDC-42A3-9474-1A3956D46DE8}") = "3 - Domain", "3 - Domain", "{9FD7937F-EA32-49DF-94CE-00910EF0D9B5}"
EndProject
Project("{2150E333-8FDC-42A3-9474-1A3956D46DE8}") = "4 - Infrastructure", "4 - Infrastructure", "{B70DB885-9692-40B7-A10D-69DCA77E602D}"
EndProject
Project("{FAE04EC0-301F-11D3-BF4B-00C04F79EFBC}") = "Contatos.Application", "src\Contatos.Application\Contatos.Application.csproj", "{3ECDA731-3BA8-4434-968D-081ABD0C6178}"
EndProject
Project("{FAE04EC0-301F-11D3-BF4B-00C04F79EFBC}") = "Contatos.Domain", "src\Contatos.Domain\Contatos.Domain.csproj", "{92A58CEA-B57E-47EC-8323-A6E14CB159A7}"
EndProject
Project("{FAE04EC0-301F-11D3-BF4B-00C04F79EFBC}") = "Contatos.Domain.Test", "test\Contatos.Domain.Test\Contatos.Domain.Test.csproj", "{F4A31184-5681-4A14-BCFC-12127CEA8A3A}"
EndProject
Project("{2150E333-8FDC-42A3-9474-1A3956D46DE8}") = "Unidade", "Unidade", "{AF39669D-4AEE-4390-952C-02DBBD3347A1}"
EndProject
Project("{FAE04EC0-301F-11D3-BF4B-00C04F79EFBC}") = "Infra.CrossCutting", "src\Infra.CrossCutting\Infra.CrossCutting.csproj", "{086C5C58-B2B6-4266-BC30-809DE793D32D}"
EndProject
Project("{2150E333-8FDC-42A3-9474-1A3956D46DE8}") = "1 - Presenter", "1 - Presenter", "{1D3025F9-EAFC-4CE3-84B8-54E5D593B737}"
EndProject
Project("{FAE04EC0-301F-11D3-BF4B-00C04F79EFBC}") = "Contatos.Api", "src\Contatos.Api\Contatos.Api.csproj", "{1189DE16-7E63-43D2-8656-6CECD1D727B1}"
EndProject
Project("{FAE04EC0-301F-11D3-BF4B-00C04F79EFBC}") = "Contatos.Infra.Data", "src\Contatos.Infra.Data\Contatos.Infra.Data.csproj", "{6FCF5510-EFE6-418B-878C-C428397F5611}"
EndProject
Project("{2150E333-8FDC-42A3-9474-1A3956D46DE8}") = "deploy", "deploy", "{3A1B411B-ECE7-4409-B28D-A40B6E650E26}"
	ProjectSection(SolutionItems) = preProject
		deploy\docker-compose.yaml = deploy\docker-compose.yaml
	EndProjectSection
EndProject
Project("{FAE04EC0-301F-11D3-BF4B-00C04F79EFBC}") = "Commons.Domain", "src\Commons.Domain\Commons.Domain.csproj", "{E2D01946-3508-4ACE-851C-1DA0718789A1}"
EndProject
Project("{FAE04EC0-301F-11D3-BF4B-00C04F79EFBC}") = "Contatos.Api.Test", "test\Contatos.Api.Test\Contatos.Api.Test.csproj", "{4AF214D9-E082-48EF-AC42-7F6B7D8FA4CE}"
EndProject
Project("{2150E333-8FDC-42A3-9474-1A3956D46DE8}") = "Integracao", "Integracao", "{164A1157-BED3-4CA5-8869-B40E1F141B77}"
EndProject
Project("{2150E333-8FDC-42A3-9474-1A3956D46DE8}") = "Commons", "Commons", "{6AE233FA-ED3C-4AB4-9524-7BEBCE9FADEF}"
EndProject
Project("{FAE04EC0-301F-11D3-BF4B-00C04F79EFBC}") = "Test.Commons", "test\Test.Commons\Test.Commons.csproj", "{A3598908-0802-4721-A823-81D15E69A640}"
EndProject
Global
	GlobalSection(SolutionConfigurationPlatforms) = preSolution
		Debug|Any CPU = Debug|Any CPU
		Release|Any CPU = Release|Any CPU
	EndGlobalSection
	GlobalSection(NestedProjects) = preSolution
		{E66E8066-9A45-4FAF-9667-B13F8965C740} = {F462AA16-547E-4C74-89A2-5308F901122C}
		{9FD7937F-EA32-49DF-94CE-00910EF0D9B5} = {F462AA16-547E-4C74-89A2-5308F901122C}
		{B70DB885-9692-40B7-A10D-69DCA77E602D} = {F462AA16-547E-4C74-89A2-5308F901122C}
		{3ECDA731-3BA8-4434-968D-081ABD0C6178} = {E66E8066-9A45-4FAF-9667-B13F8965C740}
		{92A58CEA-B57E-47EC-8323-A6E14CB159A7} = {9FD7937F-EA32-49DF-94CE-00910EF0D9B5}
		{AF39669D-4AEE-4390-952C-02DBBD3347A1} = {4C719486-60BB-4F37-80AC-ABA0778BD3AD}
		{A56EBC02-63A6-4B85-BCAC-054B778516E9} = {AF39669D-4AEE-4390-952C-02DBBD3347A1}
		{F4A31184-5681-4A14-BCFC-12127CEA8A3A} = {AF39669D-4AEE-4390-952C-02DBBD3347A1}
		{086C5C58-B2B6-4266-BC30-809DE793D32D} = {B70DB885-9692-40B7-A10D-69DCA77E602D}
		{1D3025F9-EAFC-4CE3-84B8-54E5D593B737} = {F462AA16-547E-4C74-89A2-5308F901122C}
		{1189DE16-7E63-43D2-8656-6CECD1D727B1} = {1D3025F9-EAFC-4CE3-84B8-54E5D593B737}
		{6FCF5510-EFE6-418B-878C-C428397F5611} = {B70DB885-9692-40B7-A10D-69DCA77E602D}
		{E2D01946-3508-4ACE-851C-1DA0718789A1} = {9FD7937F-EA32-49DF-94CE-00910EF0D9B5}
		{4AF214D9-E082-48EF-AC42-7F6B7D8FA4CE} = {AF39669D-4AEE-4390-952C-02DBBD3347A1}
		{164A1157-BED3-4CA5-8869-B40E1F141B77} = {4C719486-60BB-4F37-80AC-ABA0778BD3AD}
		{6AE233FA-ED3C-4AB4-9524-7BEBCE9FADEF} = {4C719486-60BB-4F37-80AC-ABA0778BD3AD}
		{A3598908-0802-4721-A823-81D15E69A640} = {6AE233FA-ED3C-4AB4-9524-7BEBCE9FADEF}
	EndGlobalSection
	GlobalSection(ProjectConfigurationPlatforms) = postSolution
		{A56EBC02-63A6-4B85-BCAC-054B778516E9}.Debug|Any CPU.ActiveCfg = Debug|Any CPU
		{A56EBC02-63A6-4B85-BCAC-054B778516E9}.Debug|Any CPU.Build.0 = Debug|Any CPU
		{A56EBC02-63A6-4B85-BCAC-054B778516E9}.Release|Any CPU.ActiveCfg = Release|Any CPU
		{A56EBC02-63A6-4B85-BCAC-054B778516E9}.Release|Any CPU.Build.0 = Release|Any CPU
		{3ECDA731-3BA8-4434-968D-081ABD0C6178}.Debug|Any CPU.ActiveCfg = Debug|Any CPU
		{3ECDA731-3BA8-4434-968D-081ABD0C6178}.Debug|Any CPU.Build.0 = Debug|Any CPU
		{3ECDA731-3BA8-4434-968D-081ABD0C6178}.Release|Any CPU.ActiveCfg = Release|Any CPU
		{3ECDA731-3BA8-4434-968D-081ABD0C6178}.Release|Any CPU.Build.0 = Release|Any CPU
		{92A58CEA-B57E-47EC-8323-A6E14CB159A7}.Debug|Any CPU.ActiveCfg = Debug|Any CPU
		{92A58CEA-B57E-47EC-8323-A6E14CB159A7}.Debug|Any CPU.Build.0 = Debug|Any CPU
		{92A58CEA-B57E-47EC-8323-A6E14CB159A7}.Release|Any CPU.ActiveCfg = Release|Any CPU
		{92A58CEA-B57E-47EC-8323-A6E14CB159A7}.Release|Any CPU.Build.0 = Release|Any CPU
		{F4A31184-5681-4A14-BCFC-12127CEA8A3A}.Debug|Any CPU.ActiveCfg = Debug|Any CPU
		{F4A31184-5681-4A14-BCFC-12127CEA8A3A}.Debug|Any CPU.Build.0 = Debug|Any CPU
		{F4A31184-5681-4A14-BCFC-12127CEA8A3A}.Release|Any CPU.ActiveCfg = Release|Any CPU
		{F4A31184-5681-4A14-BCFC-12127CEA8A3A}.Release|Any CPU.Build.0 = Release|Any CPU
		{086C5C58-B2B6-4266-BC30-809DE793D32D}.Debug|Any CPU.ActiveCfg = Debug|Any CPU
		{086C5C58-B2B6-4266-BC30-809DE793D32D}.Debug|Any CPU.Build.0 = Debug|Any CPU
		{086C5C58-B2B6-4266-BC30-809DE793D32D}.Release|Any CPU.ActiveCfg = Release|Any CPU
		{086C5C58-B2B6-4266-BC30-809DE793D32D}.Release|Any CPU.Build.0 = Release|Any CPU
		{1189DE16-7E63-43D2-8656-6CECD1D727B1}.Debug|Any CPU.ActiveCfg = Debug|Any CPU
		{1189DE16-7E63-43D2-8656-6CECD1D727B1}.Debug|Any CPU.Build.0 = Debug|Any CPU
		{1189DE16-7E63-43D2-8656-6CECD1D727B1}.Release|Any CPU.ActiveCfg = Release|Any CPU
		{1189DE16-7E63-43D2-8656-6CECD1D727B1}.Release|Any CPU.Build.0 = Release|Any CPU
		{6FCF5510-EFE6-418B-878C-C428397F5611}.Debug|Any CPU.ActiveCfg = Debug|Any CPU
		{6FCF5510-EFE6-418B-878C-C428397F5611}.Debug|Any CPU.Build.0 = Debug|Any CPU
		{6FCF5510-EFE6-418B-878C-C428397F5611}.Release|Any CPU.ActiveCfg = Release|Any CPU
		{6FCF5510-EFE6-418B-878C-C428397F5611}.Release|Any CPU.Build.0 = Release|Any CPU
		{E2D01946-3508-4ACE-851C-1DA0718789A1}.Debug|Any CPU.ActiveCfg = Debug|Any CPU
		{E2D01946-3508-4ACE-851C-1DA0718789A1}.Debug|Any CPU.Build.0 = Debug|Any CPU
		{E2D01946-3508-4ACE-851C-1DA0718789A1}.Release|Any CPU.ActiveCfg = Release|Any CPU
		{E2D01946-3508-4ACE-851C-1DA0718789A1}.Release|Any CPU.Build.0 = Release|Any CPU
		{4AF214D9-E082-48EF-AC42-7F6B7D8FA4CE}.Debug|Any CPU.ActiveCfg = Debug|Any CPU
		{4AF214D9-E082-48EF-AC42-7F6B7D8FA4CE}.Debug|Any CPU.Build.0 = Debug|Any CPU
		{4AF214D9-E082-48EF-AC42-7F6B7D8FA4CE}.Release|Any CPU.ActiveCfg = Release|Any CPU
		{4AF214D9-E082-48EF-AC42-7F6B7D8FA4CE}.Release|Any CPU.Build.0 = Release|Any CPU
		{A3598908-0802-4721-A823-81D15E69A640}.Debug|Any CPU.ActiveCfg = Debug|Any CPU
		{A3598908-0802-4721-A823-81D15E69A640}.Debug|Any CPU.Build.0 = Debug|Any CPU
		{A3598908-0802-4721-A823-81D15E69A640}.Release|Any CPU.ActiveCfg = Release|Any CPU
		{A3598908-0802-4721-A823-81D15E69A640}.Release|Any CPU.Build.0 = Release|Any CPU
	EndGlobalSection
EndGlobal
